
Microsoft Visual Studio Solution File, Format Version 12.00
# Visual Studio Version 17
VisualStudioVersion = 17.9.34728.123
MinimumVisualStudioVersion = 10.0.40219.1
Project("{FAE04EC0-301F-11D3-BF4B-00C04F79EFBC}") = "lab1.net", "lab1.net.csproj", "{79652082-2973-42FC-A377-02A7BEDA058F}"
EndProject
Global
	GlobalSection(SolutionConfigurationPlatforms) = preSolution
		Debug|Any CPU = Debug|Any CPU
		Release|Any CPU = Release|Any CPU
	EndGlobalSection
	GlobalSection(ProjectConfigurationPlatforms) = postSolution
		{79652082-2973-42FC-A377-02A7BEDA058F}.Debug|Any CPU.ActiveCfg = Debug|Any CPU
		{79652082-2973-42FC-A377-02A7BEDA058F}.Debug|Any CPU.Build.0 = Debug|Any CPU
		{79652082-2973-42FC-A377-02A7BEDA058F}.Release|Any CPU.ActiveCfg = Release|Any CPU
		{79652082-2973-42FC-A377-02A7BEDA058F}.Release|Any CPU.Build.0 = Release|Any CPU
	EndGlobalSection
	GlobalSection(SolutionProperties) = preSolution
		HideSolutionNode = FALSE
	EndGlobalSection
	GlobalSection(ExtensibilityGlobals) = postSolution
		SolutionGuid = {96FD0FA4-B93F-4C6D-804F-DA6B15AC4C8A}
	EndGlobalSection
EndGlobal
